// !$*UTF8*$!
{
	archiveVersion = 1;
	classes = {
	};
	objectVersion = 55;
	objects = {

/* Begin PBXBuildFile section */
		CC5089FA27C64A1800FCB8B5 /* SelectCategoryViewController.swift in Sources */ = {isa = PBXBuildFile; fileRef = CC5089F927C64A1800FCB8B5 /* SelectCategoryViewController.swift */; };
		CC5089FC27C65B1500FCB8B5 /* NetworkManager.swift in Sources */ = {isa = PBXBuildFile; fileRef = CC5089FB27C65B1500FCB8B5 /* NetworkManager.swift */; };
		CC5089FE27C65B3600FCB8B5 /* CategoryModel.swift in Sources */ = {isa = PBXBuildFile; fileRef = CC5089FD27C65B3600FCB8B5 /* CategoryModel.swift */; };
		CC508A0027C65B4500FCB8B5 /* CardGameModel.swift in Sources */ = {isa = PBXBuildFile; fileRef = CC5089FF27C65B4500FCB8B5 /* CardGameModel.swift */; };
		CC88B8DD27C6149C00858B11 /* AppDelegate.swift in Sources */ = {isa = PBXBuildFile; fileRef = CC88B8DC27C6149C00858B11 /* AppDelegate.swift */; };
		CC88B8DF27C6149C00858B11 /* SceneDelegate.swift in Sources */ = {isa = PBXBuildFile; fileRef = CC88B8DE27C6149C00858B11 /* SceneDelegate.swift */; };
		CC88B8E127C6149C00858B11 /* MainViewController.swift in Sources */ = {isa = PBXBuildFile; fileRef = CC88B8E027C6149C00858B11 /* MainViewController.swift */; };
		CC88B8E427C6149C00858B11 /* Main.storyboard in Resources */ = {isa = PBXBuildFile; fileRef = CC88B8E227C6149C00858B11 /* Main.storyboard */; };
		CC88B8E627C6149E00858B11 /* Assets.xcassets in Resources */ = {isa = PBXBuildFile; fileRef = CC88B8E527C6149E00858B11 /* Assets.xcassets */; };
		CC88B8E927C6149E00858B11 /* LaunchScreen.storyboard in Resources */ = {isa = PBXBuildFile; fileRef = CC88B8E727C6149E00858B11 /* LaunchScreen.storyboard */; };
		CC88B8F727C6161A00858B11 /* DeveloperOne.storyboard in Resources */ = {isa = PBXBuildFile; fileRef = CC88B8F627C6161A00858B11 /* DeveloperOne.storyboard */; };
		CC88B8F927C6163400858B11 /* DeveloperTwo.storyboard in Resources */ = {isa = PBXBuildFile; fileRef = CC88B8F827C6163400858B11 /* DeveloperTwo.storyboard */; };
/* End PBXBuildFile section */

/* Begin PBXFileReference section */
		CC5089F927C64A1800FCB8B5 /* SelectCategoryViewController.swift */ = {isa = PBXFileReference; lastKnownFileType = sourcecode.swift; path = SelectCategoryViewController.swift; sourceTree = "<group>"; };
		CC5089FB27C65B1500FCB8B5 /* NetworkManager.swift */ = {isa = PBXFileReference; lastKnownFileType = sourcecode.swift; path = NetworkManager.swift; sourceTree = "<group>"; };
		CC5089FD27C65B3600FCB8B5 /* CategoryModel.swift */ = {isa = PBXFileReference; lastKnownFileType = sourcecode.swift; path = CategoryModel.swift; sourceTree = "<group>"; };
		CC5089FF27C65B4500FCB8B5 /* CardGameModel.swift */ = {isa = PBXFileReference; lastKnownFileType = sourcecode.swift; path = CardGameModel.swift; sourceTree = "<group>"; };
		CC88B8D927C6149C00858B11 /* aliasTeamApp.app */ = {isa = PBXFileReference; explicitFileType = wrapper.application; includeInIndex = 0; path = aliasTeamApp.app; sourceTree = BUILT_PRODUCTS_DIR; };
		CC88B8DC27C6149C00858B11 /* AppDelegate.swift */ = {isa = PBXFileReference; lastKnownFileType = sourcecode.swift; path = AppDelegate.swift; sourceTree = "<group>"; };
		CC88B8DE27C6149C00858B11 /* SceneDelegate.swift */ = {isa = PBXFileReference; lastKnownFileType = sourcecode.swift; path = SceneDelegate.swift; sourceTree = "<group>"; };
		CC88B8E027C6149C00858B11 /* MainViewController.swift */ = {isa = PBXFileReference; lastKnownFileType = sourcecode.swift; path = MainViewController.swift; sourceTree = "<group>"; };
		CC88B8E327C6149C00858B11 /* Base */ = {isa = PBXFileReference; lastKnownFileType = file.storyboard; name = Base; path = Base.lproj/Main.storyboard; sourceTree = "<group>"; };
		CC88B8E527C6149E00858B11 /* Assets.xcassets */ = {isa = PBXFileReference; lastKnownFileType = folder.assetcatalog; path = Assets.xcassets; sourceTree = "<group>"; };
		CC88B8E827C6149E00858B11 /* Base */ = {isa = PBXFileReference; lastKnownFileType = file.storyboard; name = Base; path = Base.lproj/LaunchScreen.storyboard; sourceTree = "<group>"; };
		CC88B8EA27C6149E00858B11 /* Info.plist */ = {isa = PBXFileReference; lastKnownFileType = text.plist.xml; path = Info.plist; sourceTree = "<group>"; };
		CC88B8F627C6161A00858B11 /* DeveloperOne.storyboard */ = {isa = PBXFileReference; lastKnownFileType = file.storyboard; path = DeveloperOne.storyboard; sourceTree = "<group>"; };
		CC88B8F827C6163400858B11 /* DeveloperTwo.storyboard */ = {isa = PBXFileReference; lastKnownFileType = file.storyboard; path = DeveloperTwo.storyboard; sourceTree = "<group>"; };
/* End PBXFileReference section */

/* Begin PBXFrameworksBuildPhase section */
		CC88B8D627C6149C00858B11 /* Frameworks */ = {
			isa = PBXFrameworksBuildPhase;
			buildActionMask = 2147483647;
			files = (
			);
			runOnlyForDeploymentPostprocessing = 0;
		};
/* End PBXFrameworksBuildPhase section */

/* Begin PBXGroup section */
		CC88B8D027C6149B00858B11 = {
			isa = PBXGroup;
			children = (
				CC88B8DB27C6149C00858B11 /* aliasTeamApp */,
				CC88B8DA27C6149C00858B11 /* Products */,
			);
			sourceTree = "<group>";
		};
		CC88B8DA27C6149C00858B11 /* Products */ = {
			isa = PBXGroup;
			children = (
				CC88B8D927C6149C00858B11 /* aliasTeamApp.app */,
			);
			name = Products;
			sourceTree = "<group>";
		};
		CC88B8DB27C6149C00858B11 /* aliasTeamApp */ = {
			isa = PBXGroup;
			children = (
				CC88B8F327C6156500858B11 /* Controllers */,
				CC88B8F127C6151600858B11 /* Storyboards */,
				CC88B8F527C6158B00858B11 /* Services */,
				CC88B8F427C6157A00858B11 /* Models */,
				CC88B8F027C614C700858B11 /* SupportFiles */,
				CC88B8F227C6154400858B11 /* Resources */,
			);
			path = aliasTeamApp;
			sourceTree = "<group>";
		};
		CC88B8F027C614C700858B11 /* SupportFiles */ = {
			isa = PBXGroup;
			children = (
				CC88B8DC27C6149C00858B11 /* AppDelegate.swift */,
				CC88B8DE27C6149C00858B11 /* SceneDelegate.swift */,
				CC88B8EA27C6149E00858B11 /* Info.plist */,
			);
			path = SupportFiles;
			sourceTree = "<group>";
		};
		CC88B8F127C6151600858B11 /* Storyboards */ = {
			isa = PBXGroup;
			children = (
				CC88B8E227C6149C00858B11 /* Main.storyboard */,
				CC88B8E727C6149E00858B11 /* LaunchScreen.storyboard */,
				CC88B8F627C6161A00858B11 /* DeveloperOne.storyboard */,
				CC88B8F827C6163400858B11 /* DeveloperTwo.storyboard */,
			);
			path = Storyboards;
			sourceTree = "<group>";
		};
		CC88B8F227C6154400858B11 /* Resources */ = {
			isa = PBXGroup;
			children = (
				CC88B8E527C6149E00858B11 /* Assets.xcassets */,
			);
			path = Resources;
			sourceTree = "<group>";
		};
		CC88B8F327C6156500858B11 /* Controllers */ = {
			isa = PBXGroup;
			children = (
				CC88B8E027C6149C00858B11 /* MainViewController.swift */,
				CC5089F927C64A1800FCB8B5 /* SelectCategoryViewController.swift */,
			);
			path = Controllers;
			sourceTree = "<group>";
		};
		CC88B8F427C6157A00858B11 /* Models */ = {
			isa = PBXGroup;
			children = (
				CC5089FD27C65B3600FCB8B5 /* CategoryModel.swift */,
				CC5089FF27C65B4500FCB8B5 /* CardGameModel.swift */,
			);
			path = Models;
			sourceTree = "<group>";
		};
		CC88B8F527C6158B00858B11 /* Services */ = {
			isa = PBXGroup;
			children = (
				CC5089FB27C65B1500FCB8B5 /* NetworkManager.swift */,
			);
			path = Services;
			sourceTree = "<group>";
		};
/* End PBXGroup section */

/* Begin PBXNativeTarget section */
		CC88B8D827C6149C00858B11 /* aliasTeamApp */ = {
			isa = PBXNativeTarget;
			buildConfigurationList = CC88B8ED27C6149E00858B11 /* Build configuration list for PBXNativeTarget "aliasTeamApp" */;
			buildPhases = (
				CC88B8D527C6149C00858B11 /* Sources */,
				CC88B8D627C6149C00858B11 /* Frameworks */,
				CC88B8D727C6149C00858B11 /* Resources */,
			);
			buildRules = (
			);
			dependencies = (
			);
			name = aliasTeamApp;
			productName = aliasTeamApp;
			productReference = CC88B8D927C6149C00858B11 /* aliasTeamApp.app */;
			productType = "com.apple.product-type.application";
		};
/* End PBXNativeTarget section */

/* Begin PBXProject section */
		CC88B8D127C6149C00858B11 /* Project object */ = {
			isa = PBXProject;
			attributes = {
				BuildIndependentTargetsInParallel = 1;
				LastSwiftUpdateCheck = 1320;
				LastUpgradeCheck = 1320;
				TargetAttributes = {
					CC88B8D827C6149C00858B11 = {
						CreatedOnToolsVersion = 13.2.1;
					};
				};
			};
			buildConfigurationList = CC88B8D427C6149C00858B11 /* Build configuration list for PBXProject "aliasTeamApp" */;
			compatibilityVersion = "Xcode 13.0";
			developmentRegion = en;
			hasScannedForEncodings = 0;
			knownRegions = (
				en,
				Base,
			);
			mainGroup = CC88B8D027C6149B00858B11;
			productRefGroup = CC88B8DA27C6149C00858B11 /* Products */;
			projectDirPath = "";
			projectRoot = "";
			targets = (
				CC88B8D827C6149C00858B11 /* aliasTeamApp */,
			);
		};
/* End PBXProject section */

/* Begin PBXResourcesBuildPhase section */
		CC88B8D727C6149C00858B11 /* Resources */ = {
			isa = PBXResourcesBuildPhase;
			buildActionMask = 2147483647;
			files = (
				CC88B8E927C6149E00858B11 /* LaunchScreen.storyboard in Resources */,
				CC88B8E627C6149E00858B11 /* Assets.xcassets in Resources */,
				CC88B8E427C6149C00858B11 /* Main.storyboard in Resources */,
				CC88B8F927C6163400858B11 /* DeveloperTwo.storyboard in Resources */,
				CC88B8F727C6161A00858B11 /* DeveloperOne.storyboard in Resources */,
			);
			runOnlyForDeploymentPostprocessing = 0;
		};
/* End PBXResourcesBuildPhase section */

/* Begin PBXSourcesBuildPhase section */
		CC88B8D527C6149C00858B11 /* Sources */ = {
			isa = PBXSourcesBuildPhase;
			buildActionMask = 2147483647;
			files = (
				CC508A0027C65B4500FCB8B5 /* CardGameModel.swift in Sources */,
				CC88B8E127C6149C00858B11 /* MainViewController.swift in Sources */,
				CC5089FE27C65B3600FCB8B5 /* CategoryModel.swift in Sources */,
				CC88B8DD27C6149C00858B11 /* AppDelegate.swift in Sources */,
				CC5089FC27C65B1500FCB8B5 /* NetworkManager.swift in Sources */,
				CC5089FA27C64A1800FCB8B5 /* SelectCategoryViewController.swift in Sources */,
				CC88B8DF27C6149C00858B11 /* SceneDelegate.swift in Sources */,
			);
			runOnlyForDeploymentPostprocessing = 0;
		};
/* End PBXSourcesBuildPhase section */

/* Begin PBXVariantGroup section */
		CC88B8E227C6149C00858B11 /* Main.storyboard */ = {
			isa = PBXVariantGroup;
			children = (
				CC88B8E327C6149C00858B11 /* Base */,
			);
			name = Main.storyboard;
			sourceTree = "<group>";
		};
		CC88B8E727C6149E00858B11 /* LaunchScreen.storyboard */ = {
			isa = PBXVariantGroup;
			children = (
				CC88B8E827C6149E00858B11 /* Base */,
			);
			name = LaunchScreen.storyboard;
			sourceTree = "<group>";
		};
/* End PBXVariantGroup section */

/* Begin XCBuildConfiguration section */
		CC88B8EB27C6149E00858B11 /* Debug */ = {
			isa = XCBuildConfiguration;
			buildSettings = {
				ALWAYS_SEARCH_USER_PATHS = NO;
				CLANG_ANALYZER_NONNULL = YES;
				CLANG_ANALYZER_NUMBER_OBJECT_CONVERSION = YES_AGGRESSIVE;
				CLANG_CXX_LANGUAGE_STANDARD = "gnu++17";
				CLANG_CXX_LIBRARY = "libc++";
				CLANG_ENABLE_MODULES = YES;
				CLANG_ENABLE_OBJC_ARC = YES;
				CLANG_ENABLE_OBJC_WEAK = YES;
				CLANG_WARN_BLOCK_CAPTURE_AUTORELEASING = YES;
				CLANG_WARN_BOOL_CONVERSION = YES;
				CLANG_WARN_COMMA = YES;
				CLANG_WARN_CONSTANT_CONVERSION = YES;
				CLANG_WARN_DEPRECATED_OBJC_IMPLEMENTATIONS = YES;
				CLANG_WARN_DIRECT_OBJC_ISA_USAGE = YES_ERROR;
				CLANG_WARN_DOCUMENTATION_COMMENTS = YES;
				CLANG_WARN_EMPTY_BODY = YES;
				CLANG_WARN_ENUM_CONVERSION = YES;
				CLANG_WARN_INFINITE_RECURSION = YES;
				CLANG_WARN_INT_CONVERSION = YES;
				CLANG_WARN_NON_LITERAL_NULL_CONVERSION = YES;
				CLANG_WARN_OBJC_IMPLICIT_RETAIN_SELF = YES;
				CLANG_WARN_OBJC_LITERAL_CONVERSION = YES;
				CLANG_WARN_OBJC_ROOT_CLASS = YES_ERROR;
				CLANG_WARN_QUOTED_INCLUDE_IN_FRAMEWORK_HEADER = YES;
				CLANG_WARN_RANGE_LOOP_ANALYSIS = YES;
				CLANG_WARN_STRICT_PROTOTYPES = YES;
				CLANG_WARN_SUSPICIOUS_MOVE = YES;
				CLANG_WARN_UNGUARDED_AVAILABILITY = YES_AGGRESSIVE;
				CLANG_WARN_UNREACHABLE_CODE = YES;
				CLANG_WARN__DUPLICATE_METHOD_MATCH = YES;
				COPY_PHASE_STRIP = NO;
				DEBUG_INFORMATION_FORMAT = dwarf;
				ENABLE_STRICT_OBJC_MSGSEND = YES;
				ENABLE_TESTABILITY = YES;
				GCC_C_LANGUAGE_STANDARD = gnu11;
				GCC_DYNAMIC_NO_PIC = NO;
				GCC_NO_COMMON_BLOCKS = YES;
				GCC_OPTIMIZATION_LEVEL = 0;
				GCC_PREPROCESSOR_DEFINITIONS = (
					"DEBUG=1",
					"$(inherited)",
				);
				GCC_WARN_64_TO_32_BIT_CONVERSION = YES;
				GCC_WARN_ABOUT_RETURN_TYPE = YES_ERROR;
				GCC_WARN_UNDECLARED_SELECTOR = YES;
				GCC_WARN_UNINITIALIZED_AUTOS = YES_AGGRESSIVE;
				GCC_WARN_UNUSED_FUNCTION = YES;
				GCC_WARN_UNUSED_VARIABLE = YES;
				IPHONEOS_DEPLOYMENT_TARGET = 15.2;
				MTL_ENABLE_DEBUG_INFO = INCLUDE_SOURCE;
				MTL_FAST_MATH = YES;
				ONLY_ACTIVE_ARCH = YES;
				SDKROOT = iphoneos;
				SWIFT_ACTIVE_COMPILATION_CONDITIONS = DEBUG;
				SWIFT_OPTIMIZATION_LEVEL = "-Onone";
			};
			name = Debug;
		};
		CC88B8EC27C6149E00858B11 /* Release */ = {
			isa = XCBuildConfiguration;
			buildSettings = {
				ALWAYS_SEARCH_USER_PATHS = NO;
				CLANG_ANALYZER_NONNULL = YES;
				CLANG_ANALYZER_NUMBER_OBJECT_CONVERSION = YES_AGGRESSIVE;
				CLANG_CXX_LANGUAGE_STANDARD = "gnu++17";
				CLANG_CXX_LIBRARY = "libc++";
				CLANG_ENABLE_MODULES = YES;
				CLANG_ENABLE_OBJC_ARC = YES;
				CLANG_ENABLE_OBJC_WEAK = YES;
				CLANG_WARN_BLOCK_CAPTURE_AUTORELEASING = YES;
				CLANG_WARN_BOOL_CONVERSION = YES;
				CLANG_WARN_COMMA = YES;
				CLANG_WARN_CONSTANT_CONVERSION = YES;
				CLANG_WARN_DEPRECATED_OBJC_IMPLEMENTATIONS = YES;
				CLANG_WARN_DIRECT_OBJC_ISA_USAGE = YES_ERROR;
				CLANG_WARN_DOCUMENTATION_COMMENTS = YES;
				CLANG_WARN_EMPTY_BODY = YES;
				CLANG_WARN_ENUM_CONVERSION = YES;
				CLANG_WARN_INFINITE_RECURSION = YES;
				CLANG_WARN_INT_CONVERSION = YES;
				CLANG_WARN_NON_LITERAL_NULL_CONVERSION = YES;
				CLANG_WARN_OBJC_IMPLICIT_RETAIN_SELF = YES;
				CLANG_WARN_OBJC_LITERAL_CONVERSION = YES;
				CLANG_WARN_OBJC_ROOT_CLASS = YES_ERROR;
				CLANG_WARN_QUOTED_INCLUDE_IN_FRAMEWORK_HEADER = YES;
				CLANG_WARN_RANGE_LOOP_ANALYSIS = YES;
				CLANG_WARN_STRICT_PROTOTYPES = YES;
				CLANG_WARN_SUSPICIOUS_MOVE = YES;
				CLANG_WARN_UNGUARDED_AVAILABILITY = YES_AGGRESSIVE;
				CLANG_WARN_UNREACHABLE_CODE = YES;
				CLANG_WARN__DUPLICATE_METHOD_MATCH = YES;
				COPY_PHASE_STRIP = NO;
				DEBUG_INFORMATION_FORMAT = "dwarf-with-dsym";
				ENABLE_NS_ASSERTIONS = NO;
				ENABLE_STRICT_OBJC_MSGSEND = YES;
				GCC_C_LANGUAGE_STANDARD = gnu11;
				GCC_NO_COMMON_BLOCKS = YES;
				GCC_WARN_64_TO_32_BIT_CONVERSION = YES;
				GCC_WARN_ABOUT_RETURN_TYPE = YES_ERROR;
				GCC_WARN_UNDECLARED_SELECTOR = YES;
				GCC_WARN_UNINITIALIZED_AUTOS = YES_AGGRESSIVE;
				GCC_WARN_UNUSED_FUNCTION = YES;
				GCC_WARN_UNUSED_VARIABLE = YES;
				IPHONEOS_DEPLOYMENT_TARGET = 15.2;
				MTL_ENABLE_DEBUG_INFO = NO;
				MTL_FAST_MATH = YES;
				SDKROOT = iphoneos;
				SWIFT_COMPILATION_MODE = wholemodule;
				SWIFT_OPTIMIZATION_LEVEL = "-O";
				VALIDATE_PRODUCT = YES;
			};
			name = Release;
		};
		CC88B8EE27C6149E00858B11 /* Debug */ = {
			isa = XCBuildConfiguration;
			buildSettings = {
				ASSETCATALOG_COMPILER_APPICON_NAME = AppIcon;
				ASSETCATALOG_COMPILER_GLOBAL_ACCENT_COLOR_NAME = AccentColor;
				CODE_SIGN_STYLE = Automatic;
				CURRENT_PROJECT_VERSION = 1;
				GENERATE_INFOPLIST_FILE = YES;
				INFOPLIST_FILE = aliasTeamApp/SupportFiles/Info.plist;
				INFOPLIST_KEY_UIApplicationSupportsIndirectInputEvents = YES;
				INFOPLIST_KEY_UILaunchStoryboardName = LaunchScreen;
				INFOPLIST_KEY_UIMainStoryboardFile = Main;
				INFOPLIST_KEY_UISupportedInterfaceOrientations_iPad = "UIInterfaceOrientationPortrait UIInterfaceOrientationPortraitUpsideDown UIInterfaceOrientationLandscapeLeft UIInterfaceOrientationLandscapeRight";
				INFOPLIST_KEY_UISupportedInterfaceOrientations_iPhone = "UIInterfaceOrientationPortrait UIInterfaceOrientationLandscapeLeft UIInterfaceOrientationLandscapeRight";
				LD_RUNPATH_SEARCH_PATHS = (
					"$(inherited)",
					"@executable_path/Frameworks",
				);
				MARKETING_VERSION = 1.0;
				PRODUCT_BUNDLE_IDENTIFIER = com.student.aliasTeamApp;
				PRODUCT_NAME = "$(TARGET_NAME)";
				SWIFT_EMIT_LOC_STRINGS = YES;
				SWIFT_VERSION = 5.0;
				TARGETED_DEVICE_FAMILY = "1,2";
			};
			name = Debug;
		};
		CC88B8EF27C6149E00858B11 /* Release */ = {
			isa = XCBuildConfiguration;
			buildSettings = {
				ASSETCATALOG_COMPILER_APPICON_NAME = AppIcon;
				ASSETCATALOG_COMPILER_GLOBAL_ACCENT_COLOR_NAME = AccentColor;
				CODE_SIGN_STYLE = Automatic;
				CURRENT_PROJECT_VERSION = 1;
				GENERATE_INFOPLIST_FILE = YES;
				INFOPLIST_FILE = aliasTeamApp/SupportFiles/Info.plist;
				INFOPLIST_KEY_UIApplicationSupportsIndirectInputEvents = YES;
				INFOPLIST_KEY_UILaunchStoryboardName = LaunchScreen;
				INFOPLIST_KEY_UIMainStoryboardFile = Main;
				INFOPLIST_KEY_UISupportedInterfaceOrientations_iPad = "UIInterfaceOrientationPortrait UIInterfaceOrientationPortraitUpsideDown UIInterfaceOrientationLandscapeLeft UIInterfaceOrientationLandscapeRight";
				INFOPLIST_KEY_UISupportedInterfaceOrientations_iPhone = "UIInterfaceOrientationPortrait UIInterfaceOrientationLandscapeLeft UIInterfaceOrientationLandscapeRight";
				LD_RUNPATH_SEARCH_PATHS = (
					"$(inherited)",
					"@executable_path/Frameworks",
				);
				MARKETING_VERSION = 1.0;
				PRODUCT_BUNDLE_IDENTIFIER = com.student.aliasTeamApp;
				PRODUCT_NAME = "$(TARGET_NAME)";
				SWIFT_EMIT_LOC_STRINGS = YES;
				SWIFT_VERSION = 5.0;
				TARGETED_DEVICE_FAMILY = "1,2";
			};
			name = Release;
		};
/* End XCBuildConfiguration section */

/* Begin XCConfigurationList section */
		CC88B8D427C6149C00858B11 /* Build configuration list for PBXProject "aliasTeamApp" */ = {
			isa = XCConfigurationList;
			buildConfigurations = (
				CC88B8EB27C6149E00858B11 /* Debug */,
				CC88B8EC27C6149E00858B11 /* Release */,
			);
			defaultConfigurationIsVisible = 0;
			defaultConfigurationName = Release;
		};
		CC88B8ED27C6149E00858B11 /* Build configuration list for PBXNativeTarget "aliasTeamApp" */ = {
			isa = XCConfigurationList;
			buildConfigurations = (
				CC88B8EE27C6149E00858B11 /* Debug */,
				CC88B8EF27C6149E00858B11 /* Release */,
			);
			defaultConfigurationIsVisible = 0;
			defaultConfigurationName = Release;
		};
/* End XCConfigurationList section */
	};
	rootObject = CC88B8D127C6149C00858B11 /* Project object */;
}
